Microsoft Visual Studio Solution File, Format Version 11.00
# Visual Studio 2008

Project("{9B0A5B00-F522-7BFB-0DFB-479A0D9BDD59}") = "SuperMeatHorse", "Assembly-CSharp-vs.csproj", "{F9872C29-53A4-F3CA-250F-B626EC3F5D69}"
EndProject
Global
	GlobalSection(SolutionConfigurationPlatforms) = preSolution
		Debug|Any CPU = Debug|Any CPU
		Release|Any CPU = Release|Any CPU
	EndGlobalSection
	GlobalSection(ProjectConfigurationPlatforms) = postSolution
		{F9872C29-53A4-F3CA-250F-B626EC3F5D69}.Debug|Any CPU.ActiveCfg = Debug|Any CPU
		{F9872C29-53A4-F3CA-250F-B626EC3F5D69}.Debug|Any CPU.Build.0 = Debug|Any CPU
		{F9872C29-53A4-F3CA-250F-B626EC3F5D69}.Release|Any CPU.ActiveCfg = Release|Any CPU
		{F9872C29-53A4-F3CA-250F-B626EC3F5D69}.Release|Any CPU.Build.0 = Release|Any CPU
	EndGlobalSection
	GlobalSection(SolutionProperties) = preSolution
		HideSolutionNode = FALSE
	EndGlobalSection
																																																			GlobalSection(MonoDevelopProperties) = preSolution
		StartupItem = Assembly-CSharp.csproj
		Policies = $0
		$0.TextStylePolicy = $1
		$1.inheritsSet = null
		$1.scope = text/x-csharp
		$0.CSharpFormattingPolicy = $2
		$2.inheritsSet = Mono
		$2.inheritsScope = text/x-csharp
		$2.scope = text/x-csharp
		$0.TextStylePolicy = $3
		$3.FileWidth = 120
		$3.TabWidth = 4
		$3.EolMarker = Unix
		$3.inheritsSet = Mono
		$3.inheritsScope = text/plain
		$3.scope = text/plain
	EndGlobalSection

EndGlobal
